
Microsoft Visual Studio Solution File, Format Version 12.00
# Visual Studio Version 16
VisualStudioVersion = 16.0.29613.14
MinimumVisualStudioVersion = 10.0.40219.1
Project("{9A19103F-16F7-4668-BE54-9A1E7A4F7556}") = "bufunfa-api", "bufunfa-api\bufunfa-api.csproj", "{DC2CCF2D-7A97-43A8-991B-34B23364CA5F}"
EndProject
Project("{9A19103F-16F7-4668-BE54-9A1E7A4F7556}") = "bufunfa-dominio", "bufunfa-dominio\bufunfa-dominio.csproj", "{7B335051-F4BC-441B-8481-7A8D1422EE4C}"
EndProject
Project("{9A19103F-16F7-4668-BE54-9A1E7A4F7556}") = "bufunfa-infraestrutura", "bufunfa-infraestrutura\bufunfa-infraestrutura.csproj", "{43A4876A-90F6-4FA2-A5EF-1535D5B26ACE}"
EndProject
Project("{9A19103F-16F7-4668-BE54-9A1E7A4F7556}") = "bufunfa-infraestrutura-dados", "bufunfa-infraestrutura-dados\bufunfa-infraestrutura-dados.csproj", "{EB6682E3-5B8E-422E-A495-9AF1D052D59E}"
EndProject
Global
	GlobalSection(SolutionConfigurationPlatforms) = preSolution
		Debug|Any CPU = Debug|Any CPU
		Release|Any CPU = Release|Any CPU
	EndGlobalSection
	GlobalSection(ProjectConfigurationPlatforms) = postSolution
		{DC2CCF2D-7A97-43A8-991B-34B23364CA5F}.Debug|Any CPU.ActiveCfg = Debug|Any CPU
		{DC2CCF2D-7A97-43A8-991B-34B23364CA5F}.Debug|Any CPU.Build.0 = Debug|Any CPU
		{DC2CCF2D-7A97-43A8-991B-34B23364CA5F}.Release|Any CPU.ActiveCfg = Release|Any CPU
		{DC2CCF2D-7A97-43A8-991B-34B23364CA5F}.Release|Any CPU.Build.0 = Release|Any CPU
		{7B335051-F4BC-441B-8481-7A8D1422EE4C}.Debug|Any CPU.ActiveCfg = Debug|Any CPU
		{7B335051-F4BC-441B-8481-7A8D1422EE4C}.Debug|Any CPU.Build.0 = Debug|Any CPU
		{7B335051-F4BC-441B-8481-7A8D1422EE4C}.Release|Any CPU.ActiveCfg = Release|Any CPU
		{7B335051-F4BC-441B-8481-7A8D1422EE4C}.Release|Any CPU.Build.0 = Release|Any CPU
		{43A4876A-90F6-4FA2-A5EF-1535D5B26ACE}.Debug|Any CPU.ActiveCfg = Debug|Any CPU
		{43A4876A-90F6-4FA2-A5EF-1535D5B26ACE}.Debug|Any CPU.Build.0 = Debug|Any CPU
		{43A4876A-90F6-4FA2-A5EF-1535D5B26ACE}.Release|Any CPU.ActiveCfg = Release|Any CPU
		{43A4876A-90F6-4FA2-A5EF-1535D5B26ACE}.Release|Any CPU.Build.0 = Release|Any CPU
		{EB6682E3-5B8E-422E-A495-9AF1D052D59E}.Debug|Any CPU.ActiveCfg = Debug|Any CPU
		{EB6682E3-5B8E-422E-A495-9AF1D052D59E}.Debug|Any CPU.Build.0 = Debug|Any CPU
		{EB6682E3-5B8E-422E-A495-9AF1D052D59E}.Release|Any CPU.ActiveCfg = Release|Any CPU
		{EB6682E3-5B8E-422E-A495-9AF1D052D59E}.Release|Any CPU.Build.0 = Release|Any CPU
	EndGlobalSection
	GlobalSection(SolutionProperties) = preSolution
		HideSolutionNode = FALSE
	EndGlobalSection
	GlobalSection(ExtensibilityGlobals) = postSolution
		SolutionGuid = {C69118ED-5D57-42D3-B63F-331E88E8F3A1}
	EndGlobalSection
EndGlobal
